Microsoft Visual Studio Solution File, Format Version 12.00
# Visual Studio Version 17
VisualStudioVersion = 17.5.2.0
MinimumVisualStudioVersion = 10.0.40219.1
Project("{FAE04EC0-301F-11D3-BF4B-00C04F79EFBC}") = "Ntk.Tools.AutoType", "Ntk.Tools.AutoType.csproj", "{D31D495B-0329-982C-0893-D3D4D5A977C4}"
EndProject
Global
	GlobalSection(SolutionConfigurationPlatforms) = preSolution
		Debug|Any CPU = Debug|Any CPU
		Release|Any CPU = Release|Any CPU
	EndGlobalSection
	GlobalSection(ProjectConfigurationPlatforms) = postSolution
		{D31D495B-0329-982C-0893-D3D4D5A977C4}.Debug|Any CPU.ActiveCfg = Debug|Any CPU
		{D31D495B-0329-982C-0893-D3D4D5A977C4}.Debug|Any CPU.Build.0 = Debug|Any CPU
		{D31D495B-0329-982C-0893-D3D4D5A977C4}.Release|Any CPU.ActiveCfg = Release|Any CPU
		{D31D495B-0329-982C-0893-D3D4D5A977C4}.Release|Any CPU.Build.0 = Release|Any CPU
	EndGlobalSection
	GlobalSection(SolutionProperties) = preSolution
		HideSolutionNode = FALSE
	EndGlobalSection
	GlobalSection(ExtensibilityGlobals) = postSolution
		SolutionGuid = {EFA5892F-8DE6-4CD7-B0C3-6E05B6FEA3B4}
	EndGlobalSection
EndGlobal
